{
  "name": "lit-dom-expressions",
  "version": "0.34.0-beta.0",
  "lockfileVersion": 2,
  "requires": true,
  "packages": {
    "": {
      "name": "lit-dom-expressions",
      "version": "0.34.0-beta.0",
      "license": "MIT",
      "devDependencies": {
        "html-parse-string": "^0.0.8"
      }
    },
    "node_modules/html-parse-string": {
      "version": "0.0.8",
      "resolved": "https://registry.npmjs.org/html-parse-string/-/html-parse-string-0.0.8.tgz",
      "integrity": "sha512-WHEaU9koioRM6zPZ/iePtpN8B6JbbQTy4hpxOKbXVg79mSUUTWY1gODMET68dj0n7LZhjgjFAIVvUJV4bh61Hg==",
      "dev": true
    }
  },
  "dependencies": {
    "html-parse-string": {
      "version": "0.0.8",
      "resolved": "https://registry.npmjs.org/html-parse-string/-/html-parse-string-0.0.8.tgz",
      "integrity": "sha512-WHEaU9koioRM6zPZ/iePtpN8B6JbbQTy4hpxOKbXVg79mSUUTWY1gODMET68dj0n7LZhjgjFAIVvUJV4bh61Hg==",
      "dev": true
    }
  }
}
