{
	"name": "dom-expressions",
	"version": "0.29.8",
	"lockfileVersion": 2,
	"requires": true,
	"packages": {
		"": {
			"version": "0.27.7",
			"license": "MIT",
			"dependencies": {
				"babel-plugin-transform-rename-import": "^2.3.0"
			},
			"devDependencies": {
				"devalue": "^2.0.1"
			}
		},
		"node_modules/babel-plugin-transform-rename-import": {
			"version": "2.3.0",
			"resolved": "https://registry.npmjs.org/babel-plugin-transform-rename-import/-/babel-plugin-transform-rename-import-2.3.0.tgz",
			"integrity": "sha512-dPgJoT57XC0PqSnLgl2FwNvxFrWlspatX2dkk7yjKQj5HHGw071vAcOf+hqW8ClqcBDMvEbm6mevn5yHAD8mlQ=="
		},
		"node_modules/devalue": {
			"version": "2.0.1",
			"resolved": "https://registry.npmjs.org/devalue/-/devalue-2.0.1.tgz",
			"integrity": "sha512-I2TiqT5iWBEyB8GRfTDP0hiLZ0YeDJZ+upDxjBfOC2lebO5LezQMv7QvIUTzdb64jQyAKLf1AHADtGN+jw6v8Q==",
			"dev": true,
			"license": "MIT"
		}
	},
	"dependencies": {
		"babel-plugin-transform-rename-import": {
			"version": "2.3.0",
			"resolved": "https://registry.npmjs.org/babel-plugin-transform-rename-import/-/babel-plugin-transform-rename-import-2.3.0.tgz",
			"integrity": "sha512-dPgJoT57XC0PqSnLgl2FwNvxFrWlspatX2dkk7yjKQj5HHGw071vAcOf+hqW8ClqcBDMvEbm6mevn5yHAD8mlQ=="
		},
		"devalue": {
			"version": "2.0.1",
			"resolved": "https://registry.npmjs.org/devalue/-/devalue-2.0.1.tgz",
			"integrity": "sha512-I2TiqT5iWBEyB8GRfTDP0hiLZ0YeDJZ+upDxjBfOC2lebO5LezQMv7QvIUTzdb64jQyAKLf1AHADtGN+jw6v8Q==",
			"dev": true
		}
	}
}
