{
	"name": "dom-expressions",
	"version": "0.17.0-beta.3",
	"lockfileVersion": 1,
	"requires": true,
	"dependencies": {
		"ejs": {
			"version": "3.0.1",
			"resolved": "https://registry.npmjs.org/ejs/-/ejs-3.0.1.tgz",
			"integrity": "sha512-cuIMtJwxvzumSAkqaaoGY/L6Fc/t6YvoP9/VIaK0V/CyqKLEQ8sqODmYfy/cjXEdZ9+OOL8TecbJu+1RsofGDw=="
		}
	}
}
