{
  "name": "dom-expressions",
  "version": "0.35.19",
  "lockfileVersion": 3,
  "requires": true,
  "packages": {
    "": {
      "name": "dom-expressions",
      "version": "0.35.19",
      "license": "MIT",
      "dependencies": {
        "babel-plugin-transform-rename-import": "^2.3.0",
        "devalue": "^4.2.0"
      },
      "devDependencies": {
        "csstype": "^3.1"
      },
      "peerDependencies": {
        "csstype": "^3.0"
      }
    },
    "node_modules/babel-plugin-transform-rename-import": {
      "version": "2.3.0",
      "resolved": "https://registry.npmjs.org/babel-plugin-transform-rename-import/-/babel-plugin-transform-rename-import-2.3.0.tgz",
      "integrity": "sha512-dPgJoT57XC0PqSnLgl2FwNvxFrWlspatX2dkk7yjKQj5HHGw071vAcOf+hqW8ClqcBDMvEbm6mevn5yHAD8mlQ=="
    },
    "node_modules/csstype": {
      "version": "3.1.1",
      "resolved": "https://registry.npmjs.org/csstype/-/csstype-3.1.1.tgz",
      "integrity": "sha512-DJR/VvkAvSZW9bTouZue2sSxDwdTN92uHjqeKVm+0dAqdfNykRzQ95tay8aXMBAAPpUiq4Qcug2L7neoRh2Egw==",
      "dev": true
    },
    "node_modules/devalue": {
      "version": "4.2.0",
      "resolved": "https://registry.npmjs.org/devalue/-/devalue-4.2.0.tgz",
      "integrity": "sha512-mbjoAaCL2qogBKgeFxFPOXAUsZchircF+B/79LD4sHH0+NHfYm8gZpQrskKDn5gENGt35+5OI1GUF7hLVnkPDw=="
    }
  }
}
